
Microsoft Visual Studio Solution File, Format Version 12.00
# Visual Studio Version 17
VisualStudioVersion = 17.4.33122.133
MinimumVisualStudioVersion = 10.0.40219.1
Project("{2150E333-8FDC-42A3-9474-1A3956D46DE8}") = "Blog", "Blog", "{6C99D2B1-F5FF-455A-BE67-BD8ADD1FD4E6}"
EndProject
Project("{2150E333-8FDC-42A3-9474-1A3956D46DE8}") = "Identity", "Identity", "{E4ABBBCC-D35D-4A27-979F-3DF9151C472E}"
EndProject
Project("{2150E333-8FDC-42A3-9474-1A3956D46DE8}") = "Common", "Common", "{B43C91A4-83AC-4DE1-BC96-52D35BDBB3FA}"
EndProject
Project("{9A19103F-16F7-4668-BE54-9A1E7A4F7556}") = "NetTemplate.Common", "Common\NetTemplate.Common\NetTemplate.Common.csproj", "{FEE490C2-77D1-4737-9300-23EA7ECD7647}"
EndProject
Project("{9A19103F-16F7-4668-BE54-9A1E7A4F7556}") = "NetTemplate.Common.Web", "Common\NetTemplate.Common.Web\NetTemplate.Common.Web.csproj", "{B2A68081-1CCC-4F4B-AEE2-0E8FDD91CDC9}"
EndProject
Project("{2150E333-8FDC-42A3-9474-1A3956D46DE8}") = "Shared", "Shared", "{34C75EB4-F01E-444C-A48E-D4E863BDC178}"
EndProject
Project("{2150E333-8FDC-42A3-9474-1A3956D46DE8}") = "Systems", "Systems", "{40EAB705-5E06-4C0D-A2F2-472E61C87C9C}"
EndProject
Project("{9A19103F-16F7-4668-BE54-9A1E7A4F7556}") = "NetTemplate.Shared.ApplicationCore", "Shared\NetTemplate.Shared.ApplicationCore\NetTemplate.Shared.ApplicationCore.csproj", "{9371E3BE-6F8A-41C8-8ED2-81E95C67128E}"
EndProject
Project("{9A19103F-16F7-4668-BE54-9A1E7A4F7556}") = "NetTemplate.Blog.ApplicationCore", "Systems\Blog\NetTemplate.Blog.ApplicationCore\NetTemplate.Blog.ApplicationCore.csproj", "{427BA3A9-7693-4D8C-9D47-C00EE93C3837}"
EndProject
Project("{9A19103F-16F7-4668-BE54-9A1E7A4F7556}") = "NetTemplate.Shared.ApplicationCore.Domains", "Shared\NetTemplate.Shared.ApplicationCore.Domains\NetTemplate.Shared.ApplicationCore.Domains.csproj", "{40CCB8B9-3C1B-4616-A35E-0166D84CB877}"
EndProject
Project("{9A19103F-16F7-4668-BE54-9A1E7A4F7556}") = "NetTemplate.Blog.Infrastructure", "Systems\Blog\NetTemplate.Blog.Infrastructure\NetTemplate.Blog.Infrastructure.csproj", "{04CACE58-8AA8-492F-A6CF-38C3DE11E746}"
EndProject
Project("{9A19103F-16F7-4668-BE54-9A1E7A4F7556}") = "NetTemplate.Shared.Infrastructure", "Shared\NetTemplate.Shared.Infrastructure\NetTemplate.Shared.Infrastructure.csproj", "{7B6ECB48-4B91-413E-97C7-9F3D5789EE3B}"
EndProject
Project("{9A19103F-16F7-4668-BE54-9A1E7A4F7556}") = "NetTemplate.Shared.ClientSDK", "Shared\NetTemplate.Shared.ClientSDK\NetTemplate.Shared.ClientSDK.csproj", "{F4507A7B-9D13-424E-BF16-547F1B8D24A3}"
EndProject
Project("{9A19103F-16F7-4668-BE54-9A1E7A4F7556}") = "NetTemplate.Shared.WebApi", "Shared\NetTemplate.Shared.WebApi\NetTemplate.Shared.WebApi.csproj", "{C9562D97-1DAC-4443-9135-E8B819888FEE}"
EndProject
Project("{9A19103F-16F7-4668-BE54-9A1E7A4F7556}") = "NetTemplate.Blog.WebApi", "Systems\Blog\NetTemplate.Blog.WebApi\NetTemplate.Blog.WebApi.csproj", "{A3E090EE-A4E0-4C5C-83AA-DF3A0AC82572}"
EndProject
Project("{9A19103F-16F7-4668-BE54-9A1E7A4F7556}") = "NetTemplate.Blog.ConsoleApp", "Systems\Blog\NetTemplate.Blog.ConsoleApp\NetTemplate.Blog.ConsoleApp.csproj", "{5774E041-C986-4996-ACE0-45168C7598C5}"
EndProject
Project("{9A19103F-16F7-4668-BE54-9A1E7A4F7556}") = "NetTemplate.Redis", "Common\NetTemplate.Redis\NetTemplate.Redis.csproj", "{34348AC2-0A2F-4089-83C3-FB40A93F65DA}"
EndProject
Project("{2150E333-8FDC-42A3-9474-1A3956D46DE8}") = "Shared", "Shared", "{7092AFBA-A748-4F3D-AF59-9B6BEA8DBF53}"
	ProjectSection(SolutionItems) = preProject
		Systems\Blog\Shared\appsettings.shared.json = Systems\Blog\Shared\appsettings.shared.json
	EndProjectSection
EndProject
Project("{9A19103F-16F7-4668-BE54-9A1E7A4F7556}") = "NetTemplate.ApacheKafka", "Common\NetTemplate.ApacheKafka\NetTemplate.ApacheKafka.csproj", "{AD740E04-B99F-4573-9A8F-0F597FDFECBF}"
EndProject
Project("{9A19103F-16F7-4668-BE54-9A1E7A4F7556}") = "NetTemplate.Blog.ConsumersWorker", "Systems\Blog\NetTemplate.Blog.ConsumersWorker\NetTemplate.Blog.ConsumersWorker.csproj", "{48B38A12-08C5-45BD-9D37-4A8AA5102C3E}"
EndProject
Project("{2150E333-8FDC-42A3-9474-1A3956D46DE8}") = "Tools", "Tools", "{5C34A1AA-C51D-4355-996B-5DA111450986}"
EndProject
Project("{2150E333-8FDC-42A3-9474-1A3956D46DE8}") = "IdService", "IdService", "{290D7874-960F-47D5-AF75-73AE8DD29C83}"
EndProject
Project("{FAE04EC0-301F-11D3-BF4B-00C04F79EFBC}") = "NetTemplate.Identity.IdentityProvider", "Systems\Identity\NetTemplate.Identity.IdentityProvider\NetTemplate.Identity.IdentityProvider.csproj", "{6C6A5A53-70D7-4032-A36E-F85DB9D54247}"
EndProject
Project("{FAE04EC0-301F-11D3-BF4B-00C04F79EFBC}") = "NetTemplate.Identity.ApplicationCore", "Systems\Identity\NetTemplate.Identity.ApplicationCore\NetTemplate.Identity.ApplicationCore.csproj", "{808779E7-37D1-414D-8F15-7D6A3ACD1FD5}"
EndProject
Project("{FAE04EC0-301F-11D3-BF4B-00C04F79EFBC}") = "NetTemplate.Identity.Infrastructure", "Systems\Identity\NetTemplate.Identity.Infrastructure\NetTemplate.Identity.Infrastructure.csproj", "{8F0860FD-54AB-44E1-9A7E-A1B75D9A6B73}"
EndProject
Project("{2150E333-8FDC-42A3-9474-1A3956D46DE8}") = "Shared", "Shared", "{7EFCFB1B-8A09-499A-B0C4-D52173E4612E}"
	ProjectSection(SolutionItems) = preProject
		Systems\Identity\Shared\appsettings.shared.json = Systems\Identity\Shared\appsettings.shared.json
	EndProjectSection
EndProject
Project("{FAE04EC0-301F-11D3-BF4B-00C04F79EFBC}") = "NetTemplate.Identity.WebClient", "Systems\Identity\NetTemplate.Identity.WebClient\NetTemplate.Identity.WebClient.csproj", "{4E96F50A-453B-436B-845A-B8E2EDAD11B5}"
EndProject
Project("{2150E333-8FDC-42A3-9474-1A3956D46DE8}") = "Temps", "Temps", "{18ADB57A-9FEA-43F2-A58D-E6A9FDAA5CD3}"
EndProject
Project("{FAE04EC0-301F-11D3-BF4B-00C04F79EFBC}") = "NetTemplate.Identity.IS4Template", "Systems\Identity\Temps\NetTemplate.Identity.IS4Template\NetTemplate.Identity.IS4Template.csproj", "{8D77AA5D-F971-45BF-A9FE-1FD2E0A236EC}"
EndProject
Project("{FAE04EC0-301F-11D3-BF4B-00C04F79EFBC}") = "NetTemplate.Shared.Infrastructure.PubSub", "Shared\NetTemplate.Shared.Infrastructure.PubSub\NetTemplate.Shared.Infrastructure.PubSub.csproj", "{64514F98-911B-4A47-8869-928650FC358E}"
EndProject
Project("{FAE04EC0-301F-11D3-BF4B-00C04F79EFBC}") = "NetTemplate.Shared.WebClient.Components", "Shared\NetTemplate.Shared.WebClient.Components\NetTemplate.Shared.WebClient.Components.csproj", "{620BA1FF-6717-42F6-9462-E81F60BA6C42}"
EndProject
Project("{FAE04EC0-301F-11D3-BF4B-00C04F79EFBC}") = "NetTemplate.Shared.WebClient", "Shared\NetTemplate.Shared.WebClient\NetTemplate.Shared.WebClient.csproj", "{4586C12C-D1F7-47B6-ACAA-68F5EB204759}"
EndProject
Global
	GlobalSection(SolutionConfigurationPlatforms) = preSolution
		Debug|Any CPU = Debug|Any CPU
		Release|Any CPU = Release|Any CPU
	EndGlobalSection
	GlobalSection(ProjectConfigurationPlatforms) = postSolution
		{FEE490C2-77D1-4737-9300-23EA7ECD7647}.Debug|Any CPU.ActiveCfg = Debug|Any CPU
		{FEE490C2-77D1-4737-9300-23EA7ECD7647}.Debug|Any CPU.Build.0 = Debug|Any CPU
		{FEE490C2-77D1-4737-9300-23EA7ECD7647}.Release|Any CPU.ActiveCfg = Release|Any CPU
		{FEE490C2-77D1-4737-9300-23EA7ECD7647}.Release|Any CPU.Build.0 = Release|Any CPU
		{B2A68081-1CCC-4F4B-AEE2-0E8FDD91CDC9}.Debug|Any CPU.ActiveCfg = Debug|Any CPU
		{B2A68081-1CCC-4F4B-AEE2-0E8FDD91CDC9}.Debug|Any CPU.Build.0 = Debug|Any CPU
		{B2A68081-1CCC-4F4B-AEE2-0E8FDD91CDC9}.Release|Any CPU.ActiveCfg = Release|Any CPU
		{B2A68081-1CCC-4F4B-AEE2-0E8FDD91CDC9}.Release|Any CPU.Build.0 = Release|Any CPU
		{9371E3BE-6F8A-41C8-8ED2-81E95C67128E}.Debug|Any CPU.ActiveCfg = Debug|Any CPU
		{9371E3BE-6F8A-41C8-8ED2-81E95C67128E}.Debug|Any CPU.Build.0 = Debug|Any CPU
		{9371E3BE-6F8A-41C8-8ED2-81E95C67128E}.Release|Any CPU.ActiveCfg = Release|Any CPU
		{9371E3BE-6F8A-41C8-8ED2-81E95C67128E}.Release|Any CPU.Build.0 = Release|Any CPU
		{427BA3A9-7693-4D8C-9D47-C00EE93C3837}.Debug|Any CPU.ActiveCfg = Debug|Any CPU
		{427BA3A9-7693-4D8C-9D47-C00EE93C3837}.Debug|Any CPU.Build.0 = Debug|Any CPU
		{427BA3A9-7693-4D8C-9D47-C00EE93C3837}.Release|Any CPU.ActiveCfg = Release|Any CPU
		{427BA3A9-7693-4D8C-9D47-C00EE93C3837}.Release|Any CPU.Build.0 = Release|Any CPU
		{40CCB8B9-3C1B-4616-A35E-0166D84CB877}.Debug|Any CPU.ActiveCfg = Debug|Any CPU
		{40CCB8B9-3C1B-4616-A35E-0166D84CB877}.Debug|Any CPU.Build.0 = Debug|Any CPU
		{40CCB8B9-3C1B-4616-A35E-0166D84CB877}.Release|Any CPU.ActiveCfg = Release|Any CPU
		{40CCB8B9-3C1B-4616-A35E-0166D84CB877}.Release|Any CPU.Build.0 = Release|Any CPU
		{04CACE58-8AA8-492F-A6CF-38C3DE11E746}.Debug|Any CPU.ActiveCfg = Debug|Any CPU
		{04CACE58-8AA8-492F-A6CF-38C3DE11E746}.Debug|Any CPU.Build.0 = Debug|Any CPU
		{04CACE58-8AA8-492F-A6CF-38C3DE11E746}.Release|Any CPU.ActiveCfg = Release|Any CPU
		{04CACE58-8AA8-492F-A6CF-38C3DE11E746}.Release|Any CPU.Build.0 = Release|Any CPU
		{7B6ECB48-4B91-413E-97C7-9F3D5789EE3B}.Debug|Any CPU.ActiveCfg = Debug|Any CPU
		{7B6ECB48-4B91-413E-97C7-9F3D5789EE3B}.Debug|Any CPU.Build.0 = Debug|Any CPU
		{7B6ECB48-4B91-413E-97C7-9F3D5789EE3B}.Release|Any CPU.ActiveCfg = Release|Any CPU
		{7B6ECB48-4B91-413E-97C7-9F3D5789EE3B}.Release|Any CPU.Build.0 = Release|Any CPU
		{F4507A7B-9D13-424E-BF16-547F1B8D24A3}.Debug|Any CPU.ActiveCfg = Debug|Any CPU
		{F4507A7B-9D13-424E-BF16-547F1B8D24A3}.Debug|Any CPU.Build.0 = Debug|Any CPU
		{F4507A7B-9D13-424E-BF16-547F1B8D24A3}.Release|Any CPU.ActiveCfg = Release|Any CPU
		{F4507A7B-9D13-424E-BF16-547F1B8D24A3}.Release|Any CPU.Build.0 = Release|Any CPU
		{C9562D97-1DAC-4443-9135-E8B819888FEE}.Debug|Any CPU.ActiveCfg = Debug|Any CPU
		{C9562D97-1DAC-4443-9135-E8B819888FEE}.Debug|Any CPU.Build.0 = Debug|Any CPU
		{C9562D97-1DAC-4443-9135-E8B819888FEE}.Release|Any CPU.ActiveCfg = Release|Any CPU
		{C9562D97-1DAC-4443-9135-E8B819888FEE}.Release|Any CPU.Build.0 = Release|Any CPU
		{A3E090EE-A4E0-4C5C-83AA-DF3A0AC82572}.Debug|Any CPU.ActiveCfg = Debug|Any CPU
		{A3E090EE-A4E0-4C5C-83AA-DF3A0AC82572}.Debug|Any CPU.Build.0 = Debug|Any CPU
		{A3E090EE-A4E0-4C5C-83AA-DF3A0AC82572}.Release|Any CPU.ActiveCfg = Release|Any CPU
		{A3E090EE-A4E0-4C5C-83AA-DF3A0AC82572}.Release|Any CPU.Build.0 = Release|Any CPU
		{5774E041-C986-4996-ACE0-45168C7598C5}.Debug|Any CPU.ActiveCfg = Debug|Any CPU
		{5774E041-C986-4996-ACE0-45168C7598C5}.Debug|Any CPU.Build.0 = Debug|Any CPU
		{5774E041-C986-4996-ACE0-45168C7598C5}.Release|Any CPU.ActiveCfg = Release|Any CPU
		{5774E041-C986-4996-ACE0-45168C7598C5}.Release|Any CPU.Build.0 = Release|Any CPU
		{34348AC2-0A2F-4089-83C3-FB40A93F65DA}.Debug|Any CPU.ActiveCfg = Debug|Any CPU
		{34348AC2-0A2F-4089-83C3-FB40A93F65DA}.Debug|Any CPU.Build.0 = Debug|Any CPU
		{34348AC2-0A2F-4089-83C3-FB40A93F65DA}.Release|Any CPU.ActiveCfg = Release|Any CPU
		{34348AC2-0A2F-4089-83C3-FB40A93F65DA}.Release|Any CPU.Build.0 = Release|Any CPU
		{AD740E04-B99F-4573-9A8F-0F597FDFECBF}.Debug|Any CPU.ActiveCfg = Debug|Any CPU
		{AD740E04-B99F-4573-9A8F-0F597FDFECBF}.Debug|Any CPU.Build.0 = Debug|Any CPU
		{AD740E04-B99F-4573-9A8F-0F597FDFECBF}.Release|Any CPU.ActiveCfg = Release|Any CPU
		{AD740E04-B99F-4573-9A8F-0F597FDFECBF}.Release|Any CPU.Build.0 = Release|Any CPU
		{48B38A12-08C5-45BD-9D37-4A8AA5102C3E}.Debug|Any CPU.ActiveCfg = Debug|Any CPU
		{48B38A12-08C5-45BD-9D37-4A8AA5102C3E}.Debug|Any CPU.Build.0 = Debug|Any CPU
		{48B38A12-08C5-45BD-9D37-4A8AA5102C3E}.Release|Any CPU.ActiveCfg = Release|Any CPU
		{48B38A12-08C5-45BD-9D37-4A8AA5102C3E}.Release|Any CPU.Build.0 = Release|Any CPU
		{6C6A5A53-70D7-4032-A36E-F85DB9D54247}.Debug|Any CPU.ActiveCfg = Debug|Any CPU
		{6C6A5A53-70D7-4032-A36E-F85DB9D54247}.Debug|Any CPU.Build.0 = Debug|Any CPU
		{6C6A5A53-70D7-4032-A36E-F85DB9D54247}.Release|Any CPU.ActiveCfg = Release|Any CPU
		{6C6A5A53-70D7-4032-A36E-F85DB9D54247}.Release|Any CPU.Build.0 = Release|Any CPU
		{808779E7-37D1-414D-8F15-7D6A3ACD1FD5}.Debug|Any CPU.ActiveCfg = Debug|Any CPU
		{808779E7-37D1-414D-8F15-7D6A3ACD1FD5}.Debug|Any CPU.Build.0 = Debug|Any CPU
		{808779E7-37D1-414D-8F15-7D6A3ACD1FD5}.Release|Any CPU.ActiveCfg = Release|Any CPU
		{808779E7-37D1-414D-8F15-7D6A3ACD1FD5}.Release|Any CPU.Build.0 = Release|Any CPU
		{8F0860FD-54AB-44E1-9A7E-A1B75D9A6B73}.Debug|Any CPU.ActiveCfg = Debug|Any CPU
		{8F0860FD-54AB-44E1-9A7E-A1B75D9A6B73}.Debug|Any CPU.Build.0 = Debug|Any CPU
		{8F0860FD-54AB-44E1-9A7E-A1B75D9A6B73}.Release|Any CPU.ActiveCfg = Release|Any CPU
		{8F0860FD-54AB-44E1-9A7E-A1B75D9A6B73}.Release|Any CPU.Build.0 = Release|Any CPU
		{4E96F50A-453B-436B-845A-B8E2EDAD11B5}.Debug|Any CPU.ActiveCfg = Debug|Any CPU
		{4E96F50A-453B-436B-845A-B8E2EDAD11B5}.Debug|Any CPU.Build.0 = Debug|Any CPU
		{4E96F50A-453B-436B-845A-B8E2EDAD11B5}.Release|Any CPU.ActiveCfg = Release|Any CPU
		{4E96F50A-453B-436B-845A-B8E2EDAD11B5}.Release|Any CPU.Build.0 = Release|Any CPU
		{8D77AA5D-F971-45BF-A9FE-1FD2E0A236EC}.Debug|Any CPU.ActiveCfg = Debug|Any CPU
		{8D77AA5D-F971-45BF-A9FE-1FD2E0A236EC}.Debug|Any CPU.Build.0 = Debug|Any CPU
		{8D77AA5D-F971-45BF-A9FE-1FD2E0A236EC}.Release|Any CPU.ActiveCfg = Release|Any CPU
		{8D77AA5D-F971-45BF-A9FE-1FD2E0A236EC}.Release|Any CPU.Build.0 = Release|Any CPU
		{64514F98-911B-4A47-8869-928650FC358E}.Debug|Any CPU.ActiveCfg = Debug|Any CPU
		{64514F98-911B-4A47-8869-928650FC358E}.Debug|Any CPU.Build.0 = Debug|Any CPU
		{64514F98-911B-4A47-8869-928650FC358E}.Release|Any CPU.ActiveCfg = Release|Any CPU
		{64514F98-911B-4A47-8869-928650FC358E}.Release|Any CPU.Build.0 = Release|Any CPU
		{620BA1FF-6717-42F6-9462-E81F60BA6C42}.Debug|Any CPU.ActiveCfg = Debug|Any CPU
		{620BA1FF-6717-42F6-9462-E81F60BA6C42}.Debug|Any CPU.Build.0 = Debug|Any CPU
		{620BA1FF-6717-42F6-9462-E81F60BA6C42}.Release|Any CPU.ActiveCfg = Release|Any CPU
		{620BA1FF-6717-42F6-9462-E81F60BA6C42}.Release|Any CPU.Build.0 = Release|Any CPU
		{4586C12C-D1F7-47B6-ACAA-68F5EB204759}.Debug|Any CPU.ActiveCfg = Debug|Any CPU
		{4586C12C-D1F7-47B6-ACAA-68F5EB204759}.Debug|Any CPU.Build.0 = Debug|Any CPU
		{4586C12C-D1F7-47B6-ACAA-68F5EB204759}.Release|Any CPU.ActiveCfg = Release|Any CPU
		{4586C12C-D1F7-47B6-ACAA-68F5EB204759}.Release|Any CPU.Build.0 = Release|Any CPU
	EndGlobalSection
	GlobalSection(SolutionProperties) = preSolution
		HideSolutionNode = FALSE
	EndGlobalSection
	GlobalSection(NestedProjects) = preSolution
		{6C99D2B1-F5FF-455A-BE67-BD8ADD1FD4E6} = {40EAB705-5E06-4C0D-A2F2-472E61C87C9C}
		{E4ABBBCC-D35D-4A27-979F-3DF9151C472E} = {40EAB705-5E06-4C0D-A2F2-472E61C87C9C}
		{FEE490C2-77D1-4737-9300-23EA7ECD7647} = {B43C91A4-83AC-4DE1-BC96-52D35BDBB3FA}
		{B2A68081-1CCC-4F4B-AEE2-0E8FDD91CDC9} = {B43C91A4-83AC-4DE1-BC96-52D35BDBB3FA}
		{9371E3BE-6F8A-41C8-8ED2-81E95C67128E} = {34C75EB4-F01E-444C-A48E-D4E863BDC178}
		{427BA3A9-7693-4D8C-9D47-C00EE93C3837} = {6C99D2B1-F5FF-455A-BE67-BD8ADD1FD4E6}
		{40CCB8B9-3C1B-4616-A35E-0166D84CB877} = {34C75EB4-F01E-444C-A48E-D4E863BDC178}
		{04CACE58-8AA8-492F-A6CF-38C3DE11E746} = {6C99D2B1-F5FF-455A-BE67-BD8ADD1FD4E6}
		{7B6ECB48-4B91-413E-97C7-9F3D5789EE3B} = {34C75EB4-F01E-444C-A48E-D4E863BDC178}
		{F4507A7B-9D13-424E-BF16-547F1B8D24A3} = {34C75EB4-F01E-444C-A48E-D4E863BDC178}
		{C9562D97-1DAC-4443-9135-E8B819888FEE} = {34C75EB4-F01E-444C-A48E-D4E863BDC178}
		{A3E090EE-A4E0-4C5C-83AA-DF3A0AC82572} = {6C99D2B1-F5FF-455A-BE67-BD8ADD1FD4E6}
		{5774E041-C986-4996-ACE0-45168C7598C5} = {6C99D2B1-F5FF-455A-BE67-BD8ADD1FD4E6}
		{34348AC2-0A2F-4089-83C3-FB40A93F65DA} = {B43C91A4-83AC-4DE1-BC96-52D35BDBB3FA}
		{7092AFBA-A748-4F3D-AF59-9B6BEA8DBF53} = {6C99D2B1-F5FF-455A-BE67-BD8ADD1FD4E6}
		{AD740E04-B99F-4573-9A8F-0F597FDFECBF} = {B43C91A4-83AC-4DE1-BC96-52D35BDBB3FA}
		{48B38A12-08C5-45BD-9D37-4A8AA5102C3E} = {6C99D2B1-F5FF-455A-BE67-BD8ADD1FD4E6}
		{290D7874-960F-47D5-AF75-73AE8DD29C83} = {5C34A1AA-C51D-4355-996B-5DA111450986}
		{6C6A5A53-70D7-4032-A36E-F85DB9D54247} = {E4ABBBCC-D35D-4A27-979F-3DF9151C472E}
		{808779E7-37D1-414D-8F15-7D6A3ACD1FD5} = {E4ABBBCC-D35D-4A27-979F-3DF9151C472E}
		{8F0860FD-54AB-44E1-9A7E-A1B75D9A6B73} = {E4ABBBCC-D35D-4A27-979F-3DF9151C472E}
		{7EFCFB1B-8A09-499A-B0C4-D52173E4612E} = {E4ABBBCC-D35D-4A27-979F-3DF9151C472E}
		{4E96F50A-453B-436B-845A-B8E2EDAD11B5} = {E4ABBBCC-D35D-4A27-979F-3DF9151C472E}
		{18ADB57A-9FEA-43F2-A58D-E6A9FDAA5CD3} = {E4ABBBCC-D35D-4A27-979F-3DF9151C472E}
		{8D77AA5D-F971-45BF-A9FE-1FD2E0A236EC} = {18ADB57A-9FEA-43F2-A58D-E6A9FDAA5CD3}
		{64514F98-911B-4A47-8869-928650FC358E} = {34C75EB4-F01E-444C-A48E-D4E863BDC178}
		{620BA1FF-6717-42F6-9462-E81F60BA6C42} = {34C75EB4-F01E-444C-A48E-D4E863BDC178}
		{4586C12C-D1F7-47B6-ACAA-68F5EB204759} = {34C75EB4-F01E-444C-A48E-D4E863BDC178}
	EndGlobalSection
	GlobalSection(ExtensibilityGlobals) = postSolution
		SolutionGuid = {2119FE8C-EDF8-4B3A-B6DC-A62DC2C39512}
	EndGlobalSection
EndGlobal
