
Microsoft Visual Studio Solution File, Format Version 12.00
# Visual Studio Version 17
VisualStudioVersion = 17.4.33122.133
MinimumVisualStudioVersion = 10.0.40219.1
Project("{2150E333-8FDC-42A3-9474-1A3956D46DE8}") = "Blog", "Blog", "{6C99D2B1-F5FF-455A-BE67-BD8ADD1FD4E6}"
EndProject
Project("{2150E333-8FDC-42A3-9474-1A3956D46DE8}") = "Identity", "Identity", "{E4ABBBCC-D35D-4A27-979F-3DF9151C472E}"
EndProject
Project("{2150E333-8FDC-42A3-9474-1A3956D46DE8}") = "Common", "Common", "{B43C91A4-83AC-4DE1-BC96-52D35BDBB3FA}"
EndProject
Project("{9A19103F-16F7-4668-BE54-9A1E7A4F7556}") = "NetTemplate.Common", "Common\NetTemplate.Common\NetTemplate.Common.csproj", "{FEE490C2-77D1-4737-9300-23EA7ECD7647}"
EndProject
Project("{9A19103F-16F7-4668-BE54-9A1E7A4F7556}") = "NetTemplate.Common.Web", "Common\NetTemplate.Common.Web\NetTemplate.Common.Web.csproj", "{B2A68081-1CCC-4F4B-AEE2-0E8FDD91CDC9}"
EndProject
Project("{2150E333-8FDC-42A3-9474-1A3956D46DE8}") = "Shared", "Shared", "{34C75EB4-F01E-444C-A48E-D4E863BDC178}"
EndProject
Project("{2150E333-8FDC-42A3-9474-1A3956D46DE8}") = "Systems", "Systems", "{40EAB705-5E06-4C0D-A2F2-472E61C87C9C}"
EndProject
Project("{9A19103F-16F7-4668-BE54-9A1E7A4F7556}") = "NetTemplate.Shared.ApplicationCore", "Shared\NetTemplate.Shared.ApplicationCore\NetTemplate.Shared.ApplicationCore.csproj", "{9371E3BE-6F8A-41C8-8ED2-81E95C67128E}"
EndProject
Project("{9A19103F-16F7-4668-BE54-9A1E7A4F7556}") = "NetTemplate.Blog.ApplicationCore", "Systems\Blog\NetTemplate.Blog.ApplicationCore\NetTemplate.Blog.ApplicationCore.csproj", "{427BA3A9-7693-4D8C-9D47-C00EE93C3837}"
EndProject
Project("{9A19103F-16F7-4668-BE54-9A1E7A4F7556}") = "NetTemplate.Shared.ApplicationCore.Domains", "Shared\NetTemplate.Shared.ApplicationCore.Domains\NetTemplate.Shared.ApplicationCore.Domains.csproj", "{40CCB8B9-3C1B-4616-A35E-0166D84CB877}"
EndProject
Project("{9A19103F-16F7-4668-BE54-9A1E7A4F7556}") = "NetTemplate.Blog.Infrastructure", "Systems\Blog\NetTemplate.Blog.Infrastructure\NetTemplate.Blog.Infrastructure.csproj", "{04CACE58-8AA8-492F-A6CF-38C3DE11E746}"
EndProject
Project("{9A19103F-16F7-4668-BE54-9A1E7A4F7556}") = "NetTemplate.Shared.Infrastructure", "Shared\NetTemplate.Shared.Infrastructure\NetTemplate.Shared.Infrastructure.csproj", "{7B6ECB48-4B91-413E-97C7-9F3D5789EE3B}"
EndProject
Project("{9A19103F-16F7-4668-BE54-9A1E7A4F7556}") = "NetTemplate.Blog.Infrastructure.Domains", "Systems\Blog\NetTemplate.Blog.Infrastructure.Domains\NetTemplate.Blog.Infrastructure.Domains.csproj", "{72D65D48-7618-4895-96C3-DCADBAFC6637}"
EndProject
Project("{9A19103F-16F7-4668-BE54-9A1E7A4F7556}") = "NetTemplate.Shared.Infrastructure.Domains", "Shared\NetTemplate.Shared.Infrastructure.Domains\NetTemplate.Shared.Infrastructure.Domains.csproj", "{227709DC-053D-4C86-9CE7-59BE2EC339B1}"
EndProject
Project("{9A19103F-16F7-4668-BE54-9A1E7A4F7556}") = "NetTemplate.Shared.ClientSDK", "Shared\NetTemplate.Shared.ClientSDK\NetTemplate.Shared.ClientSDK.csproj", "{F4507A7B-9D13-424E-BF16-547F1B8D24A3}"
EndProject
Project("{9A19103F-16F7-4668-BE54-9A1E7A4F7556}") = "NetTemplate.Shared.WebApi", "Shared\NetTemplate.Shared.WebApi\NetTemplate.Shared.WebApi.csproj", "{C9562D97-1DAC-4443-9135-E8B819888FEE}"
EndProject
Project("{FAE04EC0-301F-11D3-BF4B-00C04F79EFBC}") = "NetTemplate.Blog.WebApi", "Systems\Blog\NetTemplate.Blog.WebApi\NetTemplate.Blog.WebApi.csproj", "{A3E090EE-A4E0-4C5C-83AA-DF3A0AC82572}"
EndProject
Global
	GlobalSection(SolutionConfigurationPlatforms) = preSolution
		Debug|Any CPU = Debug|Any CPU
		Release|Any CPU = Release|Any CPU
	EndGlobalSection
	GlobalSection(ProjectConfigurationPlatforms) = postSolution
		{FEE490C2-77D1-4737-9300-23EA7ECD7647}.Debug|Any CPU.ActiveCfg = Debug|Any CPU
		{FEE490C2-77D1-4737-9300-23EA7ECD7647}.Debug|Any CPU.Build.0 = Debug|Any CPU
		{FEE490C2-77D1-4737-9300-23EA7ECD7647}.Release|Any CPU.ActiveCfg = Release|Any CPU
		{FEE490C2-77D1-4737-9300-23EA7ECD7647}.Release|Any CPU.Build.0 = Release|Any CPU
		{B2A68081-1CCC-4F4B-AEE2-0E8FDD91CDC9}.Debug|Any CPU.ActiveCfg = Debug|Any CPU
		{B2A68081-1CCC-4F4B-AEE2-0E8FDD91CDC9}.Debug|Any CPU.Build.0 = Debug|Any CPU
		{B2A68081-1CCC-4F4B-AEE2-0E8FDD91CDC9}.Release|Any CPU.ActiveCfg = Release|Any CPU
		{B2A68081-1CCC-4F4B-AEE2-0E8FDD91CDC9}.Release|Any CPU.Build.0 = Release|Any CPU
		{9371E3BE-6F8A-41C8-8ED2-81E95C67128E}.Debug|Any CPU.ActiveCfg = Debug|Any CPU
		{9371E3BE-6F8A-41C8-8ED2-81E95C67128E}.Debug|Any CPU.Build.0 = Debug|Any CPU
		{9371E3BE-6F8A-41C8-8ED2-81E95C67128E}.Release|Any CPU.ActiveCfg = Release|Any CPU
		{9371E3BE-6F8A-41C8-8ED2-81E95C67128E}.Release|Any CPU.Build.0 = Release|Any CPU
		{427BA3A9-7693-4D8C-9D47-C00EE93C3837}.Debug|Any CPU.ActiveCfg = Debug|Any CPU
		{427BA3A9-7693-4D8C-9D47-C00EE93C3837}.Debug|Any CPU.Build.0 = Debug|Any CPU
		{427BA3A9-7693-4D8C-9D47-C00EE93C3837}.Release|Any CPU.ActiveCfg = Release|Any CPU
		{427BA3A9-7693-4D8C-9D47-C00EE93C3837}.Release|Any CPU.Build.0 = Release|Any CPU
		{40CCB8B9-3C1B-4616-A35E-0166D84CB877}.Debug|Any CPU.ActiveCfg = Debug|Any CPU
		{40CCB8B9-3C1B-4616-A35E-0166D84CB877}.Debug|Any CPU.Build.0 = Debug|Any CPU
		{40CCB8B9-3C1B-4616-A35E-0166D84CB877}.Release|Any CPU.ActiveCfg = Release|Any CPU
		{40CCB8B9-3C1B-4616-A35E-0166D84CB877}.Release|Any CPU.Build.0 = Release|Any CPU
		{04CACE58-8AA8-492F-A6CF-38C3DE11E746}.Debug|Any CPU.ActiveCfg = Debug|Any CPU
		{04CACE58-8AA8-492F-A6CF-38C3DE11E746}.Debug|Any CPU.Build.0 = Debug|Any CPU
		{04CACE58-8AA8-492F-A6CF-38C3DE11E746}.Release|Any CPU.ActiveCfg = Release|Any CPU
		{04CACE58-8AA8-492F-A6CF-38C3DE11E746}.Release|Any CPU.Build.0 = Release|Any CPU
		{7B6ECB48-4B91-413E-97C7-9F3D5789EE3B}.Debug|Any CPU.ActiveCfg = Debug|Any CPU
		{7B6ECB48-4B91-413E-97C7-9F3D5789EE3B}.Debug|Any CPU.Build.0 = Debug|Any CPU
		{7B6ECB48-4B91-413E-97C7-9F3D5789EE3B}.Release|Any CPU.ActiveCfg = Release|Any CPU
		{7B6ECB48-4B91-413E-97C7-9F3D5789EE3B}.Release|Any CPU.Build.0 = Release|Any CPU
		{72D65D48-7618-4895-96C3-DCADBAFC6637}.Debug|Any CPU.ActiveCfg = Debug|Any CPU
		{72D65D48-7618-4895-96C3-DCADBAFC6637}.Debug|Any CPU.Build.0 = Debug|Any CPU
		{72D65D48-7618-4895-96C3-DCADBAFC6637}.Release|Any CPU.ActiveCfg = Release|Any CPU
		{72D65D48-7618-4895-96C3-DCADBAFC6637}.Release|Any CPU.Build.0 = Release|Any CPU
		{227709DC-053D-4C86-9CE7-59BE2EC339B1}.Debug|Any CPU.ActiveCfg = Debug|Any CPU
		{227709DC-053D-4C86-9CE7-59BE2EC339B1}.Debug|Any CPU.Build.0 = Debug|Any CPU
		{227709DC-053D-4C86-9CE7-59BE2EC339B1}.Release|Any CPU.ActiveCfg = Release|Any CPU
		{227709DC-053D-4C86-9CE7-59BE2EC339B1}.Release|Any CPU.Build.0 = Release|Any CPU
		{F4507A7B-9D13-424E-BF16-547F1B8D24A3}.Debug|Any CPU.ActiveCfg = Debug|Any CPU
		{F4507A7B-9D13-424E-BF16-547F1B8D24A3}.Debug|Any CPU.Build.0 = Debug|Any CPU
		{F4507A7B-9D13-424E-BF16-547F1B8D24A3}.Release|Any CPU.ActiveCfg = Release|Any CPU
		{F4507A7B-9D13-424E-BF16-547F1B8D24A3}.Release|Any CPU.Build.0 = Release|Any CPU
		{C9562D97-1DAC-4443-9135-E8B819888FEE}.Debug|Any CPU.ActiveCfg = Debug|Any CPU
		{C9562D97-1DAC-4443-9135-E8B819888FEE}.Debug|Any CPU.Build.0 = Debug|Any CPU
		{C9562D97-1DAC-4443-9135-E8B819888FEE}.Release|Any CPU.ActiveCfg = Release|Any CPU
		{C9562D97-1DAC-4443-9135-E8B819888FEE}.Release|Any CPU.Build.0 = Release|Any CPU
		{A3E090EE-A4E0-4C5C-83AA-DF3A0AC82572}.Debug|Any CPU.ActiveCfg = Debug|Any CPU
		{A3E090EE-A4E0-4C5C-83AA-DF3A0AC82572}.Debug|Any CPU.Build.0 = Debug|Any CPU
		{A3E090EE-A4E0-4C5C-83AA-DF3A0AC82572}.Release|Any CPU.ActiveCfg = Release|Any CPU
		{A3E090EE-A4E0-4C5C-83AA-DF3A0AC82572}.Release|Any CPU.Build.0 = Release|Any CPU
	EndGlobalSection
	GlobalSection(SolutionProperties) = preSolution
		HideSolutionNode = FALSE
	EndGlobalSection
	GlobalSection(NestedProjects) = preSolution
		{6C99D2B1-F5FF-455A-BE67-BD8ADD1FD4E6} = {40EAB705-5E06-4C0D-A2F2-472E61C87C9C}
		{E4ABBBCC-D35D-4A27-979F-3DF9151C472E} = {40EAB705-5E06-4C0D-A2F2-472E61C87C9C}
		{FEE490C2-77D1-4737-9300-23EA7ECD7647} = {B43C91A4-83AC-4DE1-BC96-52D35BDBB3FA}
		{B2A68081-1CCC-4F4B-AEE2-0E8FDD91CDC9} = {B43C91A4-83AC-4DE1-BC96-52D35BDBB3FA}
		{9371E3BE-6F8A-41C8-8ED2-81E95C67128E} = {34C75EB4-F01E-444C-A48E-D4E863BDC178}
		{427BA3A9-7693-4D8C-9D47-C00EE93C3837} = {6C99D2B1-F5FF-455A-BE67-BD8ADD1FD4E6}
		{40CCB8B9-3C1B-4616-A35E-0166D84CB877} = {34C75EB4-F01E-444C-A48E-D4E863BDC178}
		{04CACE58-8AA8-492F-A6CF-38C3DE11E746} = {6C99D2B1-F5FF-455A-BE67-BD8ADD1FD4E6}
		{7B6ECB48-4B91-413E-97C7-9F3D5789EE3B} = {34C75EB4-F01E-444C-A48E-D4E863BDC178}
		{72D65D48-7618-4895-96C3-DCADBAFC6637} = {6C99D2B1-F5FF-455A-BE67-BD8ADD1FD4E6}
		{227709DC-053D-4C86-9CE7-59BE2EC339B1} = {34C75EB4-F01E-444C-A48E-D4E863BDC178}
		{F4507A7B-9D13-424E-BF16-547F1B8D24A3} = {34C75EB4-F01E-444C-A48E-D4E863BDC178}
		{C9562D97-1DAC-4443-9135-E8B819888FEE} = {34C75EB4-F01E-444C-A48E-D4E863BDC178}
		{A3E090EE-A4E0-4C5C-83AA-DF3A0AC82572} = {6C99D2B1-F5FF-455A-BE67-BD8ADD1FD4E6}
	EndGlobalSection
	GlobalSection(ExtensibilityGlobals) = postSolution
		SolutionGuid = {2119FE8C-EDF8-4B3A-B6DC-A62DC2C39512}
	EndGlobalSection
EndGlobal
