
Microsoft Visual Studio Solution File, Format Version 12.00
# Visual Studio Version 17
VisualStudioVersion = 17.4.33122.133
MinimumVisualStudioVersion = 10.0.40219.1
Project("{2150E333-8FDC-42A3-9474-1A3956D46DE8}") = "Blog", "Blog", "{6C99D2B1-F5FF-455A-BE67-BD8ADD1FD4E6}"
EndProject
Project("{2150E333-8FDC-42A3-9474-1A3956D46DE8}") = "Identity", "Identity", "{E4ABBBCC-D35D-4A27-979F-3DF9151C472E}"
EndProject
Project("{2150E333-8FDC-42A3-9474-1A3956D46DE8}") = "Common", "Common", "{B43C91A4-83AC-4DE1-BC96-52D35BDBB3FA}"
EndProject
Project("{9A19103F-16F7-4668-BE54-9A1E7A4F7556}") = "NetTemplate.Common", "Common\NetTemplate.Common\NetTemplate.Common.csproj", "{FEE490C2-77D1-4737-9300-23EA7ECD7647}"
EndProject
Project("{9A19103F-16F7-4668-BE54-9A1E7A4F7556}") = "NetTemplate.Common.Web", "Common\NetTemplate.Common.Web\NetTemplate.Common.Web.csproj", "{B2A68081-1CCC-4F4B-AEE2-0E8FDD91CDC9}"
EndProject
Project("{2150E333-8FDC-42A3-9474-1A3956D46DE8}") = "Shared", "Shared", "{34C75EB4-F01E-444C-A48E-D4E863BDC178}"
EndProject
Project("{2150E333-8FDC-42A3-9474-1A3956D46DE8}") = "Systems", "Systems", "{40EAB705-5E06-4C0D-A2F2-472E61C87C9C}"
EndProject
Project("{9A19103F-16F7-4668-BE54-9A1E7A4F7556}") = "NetTemplate.Shared.ApplicationCore", "Shared\NetTemplate.Shared.ApplicationCore\NetTemplate.Shared.ApplicationCore.csproj", "{9371E3BE-6F8A-41C8-8ED2-81E95C67128E}"
EndProject
Project("{9A19103F-16F7-4668-BE54-9A1E7A4F7556}") = "NetTemplate.Blog.ApplicationCore", "Systems\Blog\NetTemplate.Blog.ApplicationCore\NetTemplate.Blog.ApplicationCore.csproj", "{427BA3A9-7693-4D8C-9D47-C00EE93C3837}"
EndProject
Project("{FAE04EC0-301F-11D3-BF4B-00C04F79EFBC}") = "NetTemplate.Shared.ApplicationCore.Domains", "Shared\NetTemplate.Shared.ApplicationCore.Domains\NetTemplate.Shared.ApplicationCore.Domains.csproj", "{40CCB8B9-3C1B-4616-A35E-0166D84CB877}"
EndProject
Global
	GlobalSection(SolutionConfigurationPlatforms) = preSolution
		Debug|Any CPU = Debug|Any CPU
		Release|Any CPU = Release|Any CPU
	EndGlobalSection
	GlobalSection(ProjectConfigurationPlatforms) = postSolution
		{FEE490C2-77D1-4737-9300-23EA7ECD7647}.Debug|Any CPU.ActiveCfg = Debug|Any CPU
		{FEE490C2-77D1-4737-9300-23EA7ECD7647}.Debug|Any CPU.Build.0 = Debug|Any CPU
		{FEE490C2-77D1-4737-9300-23EA7ECD7647}.Release|Any CPU.ActiveCfg = Release|Any CPU
		{FEE490C2-77D1-4737-9300-23EA7ECD7647}.Release|Any CPU.Build.0 = Release|Any CPU
		{B2A68081-1CCC-4F4B-AEE2-0E8FDD91CDC9}.Debug|Any CPU.ActiveCfg = Debug|Any CPU
		{B2A68081-1CCC-4F4B-AEE2-0E8FDD91CDC9}.Debug|Any CPU.Build.0 = Debug|Any CPU
		{B2A68081-1CCC-4F4B-AEE2-0E8FDD91CDC9}.Release|Any CPU.ActiveCfg = Release|Any CPU
		{B2A68081-1CCC-4F4B-AEE2-0E8FDD91CDC9}.Release|Any CPU.Build.0 = Release|Any CPU
		{9371E3BE-6F8A-41C8-8ED2-81E95C67128E}.Debug|Any CPU.ActiveCfg = Debug|Any CPU
		{9371E3BE-6F8A-41C8-8ED2-81E95C67128E}.Debug|Any CPU.Build.0 = Debug|Any CPU
		{9371E3BE-6F8A-41C8-8ED2-81E95C67128E}.Release|Any CPU.ActiveCfg = Release|Any CPU
		{9371E3BE-6F8A-41C8-8ED2-81E95C67128E}.Release|Any CPU.Build.0 = Release|Any CPU
		{427BA3A9-7693-4D8C-9D47-C00EE93C3837}.Debug|Any CPU.ActiveCfg = Debug|Any CPU
		{427BA3A9-7693-4D8C-9D47-C00EE93C3837}.Debug|Any CPU.Build.0 = Debug|Any CPU
		{427BA3A9-7693-4D8C-9D47-C00EE93C3837}.Release|Any CPU.ActiveCfg = Release|Any CPU
		{427BA3A9-7693-4D8C-9D47-C00EE93C3837}.Release|Any CPU.Build.0 = Release|Any CPU
		{40CCB8B9-3C1B-4616-A35E-0166D84CB877}.Debug|Any CPU.ActiveCfg = Debug|Any CPU
		{40CCB8B9-3C1B-4616-A35E-0166D84CB877}.Debug|Any CPU.Build.0 = Debug|Any CPU
		{40CCB8B9-3C1B-4616-A35E-0166D84CB877}.Release|Any CPU.ActiveCfg = Release|Any CPU
		{40CCB8B9-3C1B-4616-A35E-0166D84CB877}.Release|Any CPU.Build.0 = Release|Any CPU
	EndGlobalSection
	GlobalSection(SolutionProperties) = preSolution
		HideSolutionNode = FALSE
	EndGlobalSection
	GlobalSection(NestedProjects) = preSolution
		{6C99D2B1-F5FF-455A-BE67-BD8ADD1FD4E6} = {40EAB705-5E06-4C0D-A2F2-472E61C87C9C}
		{E4ABBBCC-D35D-4A27-979F-3DF9151C472E} = {40EAB705-5E06-4C0D-A2F2-472E61C87C9C}
		{FEE490C2-77D1-4737-9300-23EA7ECD7647} = {B43C91A4-83AC-4DE1-BC96-52D35BDBB3FA}
		{B2A68081-1CCC-4F4B-AEE2-0E8FDD91CDC9} = {B43C91A4-83AC-4DE1-BC96-52D35BDBB3FA}
		{9371E3BE-6F8A-41C8-8ED2-81E95C67128E} = {34C75EB4-F01E-444C-A48E-D4E863BDC178}
		{427BA3A9-7693-4D8C-9D47-C00EE93C3837} = {6C99D2B1-F5FF-455A-BE67-BD8ADD1FD4E6}
		{40CCB8B9-3C1B-4616-A35E-0166D84CB877} = {34C75EB4-F01E-444C-A48E-D4E863BDC178}
	EndGlobalSection
	GlobalSection(ExtensibilityGlobals) = postSolution
		SolutionGuid = {2119FE8C-EDF8-4B3A-B6DC-A62DC2C39512}
	EndGlobalSection
EndGlobal
